<Solution>
  <Configurations>
    <Platform Name="ARM64" />
    <Platform Name="x64" />
    <Platform Name="x86" />
  </Configurations>
  <Folder Name="/Solution/">
    <File Path=".editorconfig" />
    <File Path=".gitignore" />
    <File Path=".vsconfig" />
    <File Path="LICENSE" />
    <File Path="README.md" />
  </Folder>
  <Project Path="source\PlayGuide.Core\PlayGuide.Core.csproj">
    <Configuration Solution="Debug|ARM64" Project="Debug|arm64" />
    <Configuration Solution="Release|ARM64" Project="Release|arm64" />
  </Project>
</Solution>