<Solution>
  <Configurations>
    <Platform Name="ARM64" />
    <Platform Name="x64" />
    <Platform Name="x86" />
  </Configurations>
  <Folder Name="/Solution/">
    <File Path=".editorconfig" />
    <File Path=".gitignore" />
    <File Path=".vsconfig" />
    <File Path="LICENSE" />
    <File Path="README.md" />
    <File Path="PlayGuide.slnx" />
  </Folder>
  <Project Path="source\PlayGuide.Core\PlayGuide.Core.csproj" Type="Classic C#">
    <Configuration Solution="Debug|ARM64" Project="Debug|arm64" />
    <Configuration Solution="Release|ARM64" Project="Release|arm64" />
  </Project>
  <Project Path="source\PlayGuide\PlayGuide.csproj" Type="Classic C#">
    <Configuration Solution="Debug|ARM64" Project="Debug|ARM64|Deploy" />
    <Configuration Solution="Debug|x64" Project="Debug|x64|Deploy" />
    <Configuration Solution="Debug|x86" Project="Debug|x86|Deploy" />
    <Configuration Solution="Release|ARM64" Project="Release|ARM64|Deploy" />
    <Configuration Solution="Release|x64" Project="Release|x64|Deploy" />
    <Configuration Solution="Release|x86" Project="Release|x86|Deploy" />
  </Project>
</Solution>